// !$*UTF8*$!
{
	archiveVersion = 1;
	classes = {
	};
	objectVersion = 77;
	objects = {

/* Begin PBXBuildFile section */
		CE8B51F32F5F111200288023 /* WidgetKit.framework in Frameworks */ = {isa = PBXBuildFile; fileRef = CE8B51F22F5F111200288023 /* WidgetKit.framework */; };
		CE8B51F52F5F111200288023 /* SwiftUI.framework in Frameworks */ = {isa = PBXBuildFile; fileRef = CE8B51F42F5F111200288023 /* SwiftUI.framework */; };
		CE8B52022F5F111400288023 /* DaysTilDisneyWidgetExtension.appex in Embed Foundation Extensions */ = {isa = PBXBuildFile; fileRef = CE8B51F02F5F111200288023 /* DaysTilDisneyWidgetExtension.appex */; settings = {ATTRIBUTES = (RemoveHeadersOnCopy, ); }; };
/* End PBXBuildFile section */

/* Begin PBXContainerItemProxy section */
		CE8B52002F5F111400288023 /* PBXContainerItemProxy */ = {
			isa = PBXContainerItemProxy;
			containerPortal = CE9CEF292F5E08590014B78F /* Project object */;
			proxyType = 1;
			remoteGlobalIDString = CE8B51EF2F5F111200288023;
			remoteInfo = DaysTilDisneyWidgetExtension;
		};
		CE9CEF3F2F5E085C0014B78F /* PBXContainerItemProxy */ = {
			isa = PBXContainerItemProxy;
			containerPortal = CE9CEF292F5E08590014B78F /* Project object */;
			proxyType = 1;
			remoteGlobalIDString = CE9CEF302F5E08590014B78F;
			remoteInfo = "Days-Til-Disney";
		};
		CE9CEF492F5E085C0014B78F /* PBXContainerItemProxy */ = {
			isa = PBXContainerItemProxy;
			containerPortal = CE9CEF292F5E08590014B78F /* Project object */;
			proxyType = 1;
			remoteGlobalIDString = CE9CEF302F5E08590014B78F;
			remoteInfo = "Days-Til-Disney";
		};
/* End PBXContainerItemProxy section */

/* Begin PBXCopyFilesBuildPhase section */
		CE8B52032F5F111400288023 /* Embed Foundation Extensions */ = {
			isa = PBXCopyFilesBuildPhase;
			buildActionMask = 2147483647;
			dstPath = "";
			dstSubfolderSpec = 13;
			files = (
				CE8B52022F5F111400288023 /* DaysTilDisneyWidgetExtension.appex in Embed Foundation Extensions */,
			);
			name = "Embed Foundation Extensions";
			runOnlyForDeploymentPostprocessing = 0;
		};
/* End PBXCopyFilesBuildPhase section */

/* Begin PBXFileReference section */
		CE8B51F02F5F111200288023 /* DaysTilDisneyWidgetExtension.appex */ = {isa = PBXFileReference; explicitFileType = "wrapper.app-extension"; includeInIndex = 0; path = DaysTilDisneyWidgetExtension.appex; sourceTree = BUILT_PRODUCTS_DIR; };
		CE8B51F22F5F111200288023 /* WidgetKit.framework */ = {isa = PBXFileReference; lastKnownFileType = wrapper.framework; name = WidgetKit.framework; path = System/Library/Frameworks/WidgetKit.framework; sourceTree = SDKROOT; };
		CE8B51F42F5F111200288023 /* SwiftUI.framework */ = {isa = PBXFileReference; lastKnownFileType = wrapper.framework; name = SwiftUI.framework; path = System/Library/Frameworks/SwiftUI.framework; sourceTree = SDKROOT; };
		CE8B520D2F5F13E100288023 /* DaysTilDisneyWidgetExtension.entitlements */ = {isa = PBXFileReference; lastKnownFileType = text.plist.entitlements; path = DaysTilDisneyWidgetExtension.entitlements; sourceTree = "<group>"; };
		CE9CEF312F5E08590014B78F /* Days-Til-Disney.app */ = {isa = PBXFileReference; explicitFileType = wrapper.application; includeInIndex = 0; path = "Days-Til-Disney.app"; sourceTree = BUILT_PRODUCTS_DIR; };
		CE9CEF3E2F5E085C0014B78F /* Days-Til-DisneyTests.xctest */ = {isa = PBXFileReference; explicitFileType = wrapper.cfbundle; includeInIndex = 0; path = "Days-Til-DisneyTests.xctest"; sourceTree = BUILT_PRODUCTS_DIR; };
		CE9CEF482F5E085C0014B78F /* Days-Til-DisneyUITests.xctest */ = {isa = PBXFileReference; explicitFileType = wrapper.cfbundle; includeInIndex = 0; path = "Days-Til-DisneyUITests.xctest"; sourceTree = BUILT_PRODUCTS_DIR; };
/* End PBXFileReference section */

/* Begin PBXFileSystemSynchronizedBuildFileExceptionSet section */
		CE8B52062F5F111400288023 /* Exceptions for "DaysTilDisneyWidget" folder in "DaysTilDisneyWidgetExtension" target */ = {
			isa = PBXFileSystemSynchronizedBuildFileExceptionSet;
			membershipExceptions = (
				Info.plist,
			);
			target = CE8B51EF2F5F111200288023 /* DaysTilDisneyWidgetExtension */;
		};
		CE8B520F2F5F146800288023 /* Exceptions for "Days-Til-Disney" folder in "DaysTilDisneyWidgetExtension" target */ = {
			isa = PBXFileSystemSynchronizedBuildFileExceptionSet;
			membershipExceptions = (
				"Core/Extensions/Color+Hex.swift",
				"Core/Extensions/Date+Countdown.swift",
				Core/Models/DisneyPark.swift,
				Core/Models/DisneyResort.swift,
				Core/Models/ParkColorPalette.swift,
				Core/Models/Trip.swift,
				Core/Persistence/SwiftDataContainer.swift,
			);
			target = CE8B51EF2F5F111200288023 /* DaysTilDisneyWidgetExtension */;
		};
/* End PBXFileSystemSynchronizedBuildFileExceptionSet section */

/* Begin PBXFileSystemSynchronizedRootGroup section */
		CE8B51F62F5F111200288023 /* DaysTilDisneyWidget */ = {
			isa = PBXFileSystemSynchronizedRootGroup;
			exceptions = (
				CE8B52062F5F111400288023 /* Exceptions for "DaysTilDisneyWidget" folder in "DaysTilDisneyWidgetExtension" target */,
			);
			path = DaysTilDisneyWidget;
			sourceTree = "<group>";
		};
		CE9CEF332F5E08590014B78F /* Days-Til-Disney */ = {
			isa = PBXFileSystemSynchronizedRootGroup;
			exceptions = (
				CE8B520F2F5F146800288023 /* Exceptions for "Days-Til-Disney" folder in "DaysTilDisneyWidgetExtension" target */,
			);
			path = "Days-Til-Disney";
			sourceTree = "<group>";
		};
		CE9CEF412F5E085C0014B78F /* Days-Til-DisneyTests */ = {
			isa = PBXFileSystemSynchronizedRootGroup;
			path = "Days-Til-DisneyTests";
			sourceTree = "<group>";
		};
		CE9CEF4B2F5E085C0014B78F /* Days-Til-DisneyUITests */ = {
			isa = PBXFileSystemSynchronizedRootGroup;
			path = "Days-Til-DisneyUITests";
			sourceTree = "<group>";
		};
/* End PBXFileSystemSynchronizedRootGroup section */

/* Begin PBXFrameworksBuildPhase section */
		CE8B51ED2F5F111200288023 /* Frameworks */ = {
			isa = PBXFrameworksBuildPhase;
			buildActionMask = 2147483647;
			files = (
				CE8B51F52F5F111200288023 /* SwiftUI.framework in Frameworks */,
				CE8B51F32F5F111200288023 /* WidgetKit.framework in Frameworks */,
			);
			runOnlyForDeploymentPostprocessing = 0;
		};
		CE9CEF2E2F5E08590014B78F /* Frameworks */ = {
			isa = PBXFrameworksBuildPhase;
			buildActionMask = 2147483647;
			files = (
			);
			runOnlyForDeploymentPostprocessing = 0;
		};
		CE9CEF3B2F5E085C0014B78F /* Frameworks */ = {
			isa = PBXFrameworksBuildPhase;
			buildActionMask = 2147483647;
			files = (
			);
			runOnlyForDeploymentPostprocessing = 0;
		};
		CE9CEF452F5E085C0014B78F /* Frameworks */ = {
			isa = PBXFrameworksBuildPhase;
			buildActionMask = 2147483647;
			files = (
			);
			runOnlyForDeploymentPostprocessing = 0;
		};
/* End PBXFrameworksBuildPhase section */

/* Begin PBXGroup section */
		CE8B51F12F5F111200288023 /* Frameworks */ = {
			isa = PBXGroup;
			children = (
				CE8B51F22F5F111200288023 /* WidgetKit.framework */,
				CE8B51F42F5F111200288023 /* SwiftUI.framework */,
			);
			name = Frameworks;
			sourceTree = "<group>";
		};
		CE9CEF282F5E08590014B78F = {
			isa = PBXGroup;
			children = (
				CE8B520D2F5F13E100288023 /* DaysTilDisneyWidgetExtension.entitlements */,
				CE9CEF332F5E08590014B78F /* Days-Til-Disney */,
				CE9CEF412F5E085C0014B78F /* Days-Til-DisneyTests */,
				CE9CEF4B2F5E085C0014B78F /* Days-Til-DisneyUITests */,
				CE8B51F62F5F111200288023 /* DaysTilDisneyWidget */,
				CE8B51F12F5F111200288023 /* Frameworks */,
				CE9CEF322F5E08590014B78F /* Products */,
			);
			sourceTree = "<group>";
		};
		CE9CEF322F5E08590014B78F /* Products */ = {
			isa = PBXGroup;
			children = (
				CE9CEF312F5E08590014B78F /* Days-Til-Disney.app */,
				CE9CEF3E2F5E085C0014B78F /* Days-Til-DisneyTests.xctest */,
				CE9CEF482F5E085C0014B78F /* Days-Til-DisneyUITests.xctest */,
				CE8B51F02F5F111200288023 /* DaysTilDisneyWidgetExtension.appex */,
			);
			name = Products;
			sourceTree = "<group>";
		};
/* End PBXGroup section */

/* Begin PBXNativeTarget section */
		CE8B51EF2F5F111200288023 /* DaysTilDisneyWidgetExtension */ = {
			isa = PBXNativeTarget;
			buildConfigurationList = CE8B52072F5F111400288023 /* Build configuration list for PBXNativeTarget "DaysTilDisneyWidgetExtension" */;
			buildPhases = (
				CE8B51EC2F5F111200288023 /* Sources */,
				CE8B51ED2F5F111200288023 /* Frameworks */,
				CE8B51EE2F5F111200288023 /* Resources */,
			);
			buildRules = (
			);
			dependencies = (
			);
			fileSystemSynchronizedGroups = (
				CE8B51F62F5F111200288023 /* DaysTilDisneyWidget */,
			);
			name = DaysTilDisneyWidgetExtension;
			packageProductDependencies = (
			);
			productName = DaysTilDisneyWidgetExtension;
			productReference = CE8B51F02F5F111200288023 /* DaysTilDisneyWidgetExtension.appex */;
			productType = "com.apple.product-type.app-extension";
		};
		CE9CEF302F5E08590014B78F /* Days-Til-Disney */ = {
			isa = PBXNativeTarget;
			buildConfigurationList = CE9CEF522F5E085C0014B78F /* Build configuration list for PBXNativeTarget "Days-Til-Disney" */;
			buildPhases = (
				CE9CEF2D2F5E08590014B78F /* Sources */,
				CE9CEF2E2F5E08590014B78F /* Frameworks */,
				CE9CEF2F2F5E08590014B78F /* Resources */,
				CE8B52032F5F111400288023 /* Embed Foundation Extensions */,
			);
			buildRules = (
			);
			dependencies = (
				CE8B52012F5F111400288023 /* PBXTargetDependency */,
			);
			fileSystemSynchronizedGroups = (
				CE9CEF332F5E08590014B78F /* Days-Til-Disney */,
			);
			name = "Days-Til-Disney";
			packageProductDependencies = (
			);
			productName = "Days-Til-Disney";
			productReference = CE9CEF312F5E08590014B78F /* Days-Til-Disney.app */;
			productType = "com.apple.product-type.application";
		};
		CE9CEF3D2F5E085C0014B78F /* Days-Til-DisneyTests */ = {
			isa = PBXNativeTarget;
			buildConfigurationList = CE9CEF552F5E085C0014B78F /* Build configuration list for PBXNativeTarget "Days-Til-DisneyTests" */;
			buildPhases = (
				CE9CEF3A2F5E085C0014B78F /* Sources */,
				CE9CEF3B2F5E085C0014B78F /* Frameworks */,
				CE9CEF3C2F5E085C0014B78F /* Resources */,
			);
			buildRules = (
			);
			dependencies = (
				CE9CEF402F5E085C0014B78F /* PBXTargetDependency */,
			);
			fileSystemSynchronizedGroups = (
				CE9CEF412F5E085C0014B78F /* Days-Til-DisneyTests */,
			);
			name = "Days-Til-DisneyTests";
			packageProductDependencies = (
			);
			productName = "Days-Til-DisneyTests";
			productReference = CE9CEF3E2F5E085C0014B78F /* Days-Til-DisneyTests.xctest */;
			productType = "com.apple.product-type.bundle.unit-test";
		};
		CE9CEF472F5E085C0014B78F /* Days-Til-DisneyUITests */ = {
			isa = PBXNativeTarget;
			buildConfigurationList = CE9CEF582F5E085C0014B78F /* Build configuration list for PBXNativeTarget "Days-Til-DisneyUITests" */;
			buildPhases = (
				CE9CEF442F5E085C0014B78F /* Sources */,
				CE9CEF452F5E085C0014B78F /* Frameworks */,
				CE9CEF462F5E085C0014B78F /* Resources */,
			);
			buildRules = (
			);
			dependencies = (
				CE9CEF4A2F5E085C0014B78F /* PBXTargetDependency */,
			);
			fileSystemSynchronizedGroups = (
				CE9CEF4B2F5E085C0014B78F /* Days-Til-DisneyUITests */,
			);
			name = "Days-Til-DisneyUITests";
			packageProductDependencies = (
			);
			productName = "Days-Til-DisneyUITests";
			productReference = CE9CEF482F5E085C0014B78F /* Days-Til-DisneyUITests.xctest */;
			productType = "com.apple.product-type.bundle.ui-testing";
		};
/* End PBXNativeTarget section */

/* Begin PBXProject section */
		CE9CEF292F5E08590014B78F /* Project object */ = {
			isa = PBXProject;
			attributes = {
				BuildIndependentTargetsInParallel = 1;
				LastSwiftUpdateCheck = 2630;
				LastUpgradeCheck = 2620;
				TargetAttributes = {
					CE8B51EF2F5F111200288023 = {
						CreatedOnToolsVersion = 26.3;
					};
					CE9CEF302F5E08590014B78F = {
						CreatedOnToolsVersion = 26.2;
					};
					CE9CEF3D2F5E085C0014B78F = {
						CreatedOnToolsVersion = 26.2;
						TestTargetID = CE9CEF302F5E08590014B78F;
					};
					CE9CEF472F5E085C0014B78F = {
						CreatedOnToolsVersion = 26.2;
						TestTargetID = CE9CEF302F5E08590014B78F;
					};
				};
			};
			buildConfigurationList = CE9CEF2C2F5E08590014B78F /* Build configuration list for PBXProject "Days-Til-Disney" */;
			developmentRegion = en;
			hasScannedForEncodings = 0;
			knownRegions = (
				en,
				Base,
			);
			mainGroup = CE9CEF282F5E08590014B78F;
			minimizedProjectReferenceProxies = 1;
			preferredProjectObjectVersion = 77;
			productRefGroup = CE9CEF322F5E08590014B78F /* Products */;
			projectDirPath = "";
			projectRoot = "";
			targets = (
				CE9CEF302F5E08590014B78F /* Days-Til-Disney */,
				CE9CEF3D2F5E085C0014B78F /* Days-Til-DisneyTests */,
				CE9CEF472F5E085C0014B78F /* Days-Til-DisneyUITests */,
				CE8B51EF2F5F111200288023 /* DaysTilDisneyWidgetExtension */,
			);
		};
/* End PBXProject section */

/* Begin PBXResourcesBuildPhase section */
		CE8B51EE2F5F111200288023 /* Resources */ = {
			isa = PBXResourcesBuildPhase;
			buildActionMask = 2147483647;
			files = (
			);
			runOnlyForDeploymentPostprocessing = 0;
		};
		CE9CEF2F2F5E08590014B78F /* Resources */ = {
			isa = PBXResourcesBuildPhase;
			buildActionMask = 2147483647;
			files = (
			);
			runOnlyForDeploymentPostprocessing = 0;
		};
		CE9CEF3C2F5E085C0014B78F /* Resources */ = {
			isa = PBXResourcesBuildPhase;
			buildActionMask = 2147483647;
			files = (
			);
			runOnlyForDeploymentPostprocessing = 0;
		};
		CE9CEF462F5E085C0014B78F /* Resources */ = {
			isa = PBXResourcesBuildPhase;
			buildActionMask = 2147483647;
			files = (
			);
			runOnlyForDeploymentPostprocessing = 0;
		};
/* End PBXResourcesBuildPhase section */

/* Begin PBXSourcesBuildPhase section */
		CE8B51EC2F5F111200288023 /* Sources */ = {
			isa = PBXSourcesBuildPhase;
			buildActionMask = 2147483647;
			files = (
			);
			runOnlyForDeploymentPostprocessing = 0;
		};
		CE9CEF2D2F5E08590014B78F /* Sources */ = {
			isa = PBXSourcesBuildPhase;
			buildActionMask = 2147483647;
			files = (
			);
			runOnlyForDeploymentPostprocessing = 0;
		};
		CE9CEF3A2F5E085C0014B78F /* Sources */ = {
			isa = PBXSourcesBuildPhase;
			buildActionMask = 2147483647;
			files = (
			);
			runOnlyForDeploymentPostprocessing = 0;
		};
		CE9CEF442F5E085C0014B78F /* Sources */ = {
			isa = PBXSourcesBuildPhase;
			buildActionMask = 2147483647;
			files = (
			);
			runOnlyForDeploymentPostprocessing = 0;
		};
/* End PBXSourcesBuildPhase section */

/* Begin PBXTargetDependency section */
		CE8B52012F5F111400288023 /* PBXTargetDependency */ = {
			isa = PBXTargetDependency;
			target = CE8B51EF2F5F111200288023 /* DaysTilDisneyWidgetExtension */;
			targetProxy = CE8B52002F5F111400288023 /* PBXContainerItemProxy */;
		};
		CE9CEF402F5E085C0014B78F /* PBXTargetDependency */ = {
			isa = PBXTargetDependency;
			target = CE9CEF302F5E08590014B78F /* Days-Til-Disney */;
			targetProxy = CE9CEF3F2F5E085C0014B78F /* PBXContainerItemProxy */;
		};
		CE9CEF4A2F5E085C0014B78F /* PBXTargetDependency */ = {
			isa = PBXTargetDependency;
			target = CE9CEF302F5E08590014B78F /* Days-Til-Disney */;
			targetProxy = CE9CEF492F5E085C0014B78F /* PBXContainerItemProxy */;
		};
/* End PBXTargetDependency section */

/* Begin XCBuildConfiguration section */
		CE8B52042F5F111400288023 /* Debug */ = {
			isa = XCBuildConfiguration;
			buildSettings = {
				ASSETCATALOG_COMPILER_GLOBAL_ACCENT_COLOR_NAME = AccentColor;
				ASSETCATALOG_COMPILER_WIDGET_BACKGROUND_COLOR_NAME = WidgetBackground;
				CODE_SIGN_ENTITLEMENTS = DaysTilDisneyWidgetExtension.entitlements;
				CODE_SIGN_STYLE = Automatic;
				CURRENT_PROJECT_VERSION = 1;
				DEVELOPMENT_TEAM = HJWMFM488E;
				GENERATE_INFOPLIST_FILE = YES;
				INFOPLIST_FILE = DaysTilDisneyWidget/Info.plist;
				INFOPLIST_KEY_CFBundleDisplayName = DaysTilDisneyWidget;
				INFOPLIST_KEY_NSHumanReadableCopyright = "";
				LD_RUNPATH_SEARCH_PATHS = (
					"$(inherited)",
					"@executable_path/Frameworks",
					"@executable_path/../../Frameworks",
				);
				MARKETING_VERSION = 1.0;
				PRODUCT_BUNDLE_IDENTIFIER = "com.thinkupllc.Days-Til-Disney.DaysTilDisneyWidget";
				PRODUCT_NAME = "$(TARGET_NAME)";
				SKIP_INSTALL = YES;
				STRING_CATALOG_GENERATE_SYMBOLS = YES;
				SWIFT_APPROACHABLE_CONCURRENCY = YES;
				SWIFT_EMIT_LOC_STRINGS = YES;
				SWIFT_UPCOMING_FEATURE_MEMBER_IMPORT_VISIBILITY = YES;
				SWIFT_VERSION = 5.0;
				TARGETED_DEVICE_FAMILY = "1,2";
			};
			name = Debug;
		};
		CE8B52052F5F111400288023 /* Release */ = {
			isa = XCBuildConfiguration;
			buildSettings = {
				ASSETCATALOG_COMPILER_GLOBAL_ACCENT_COLOR_NAME = AccentColor;
				ASSETCATALOG_COMPILER_WIDGET_BACKGROUND_COLOR_NAME = WidgetBackground;
				CODE_SIGN_ENTITLEMENTS = DaysTilDisneyWidgetExtension.entitlements;
				CODE_SIGN_STYLE = Automatic;
				CURRENT_PROJECT_VERSION = 1;
				DEVELOPMENT_TEAM = HJWMFM488E;
				GENERATE_INFOPLIST_FILE = YES;
				INFOPLIST_FILE = DaysTilDisneyWidget/Info.plist;
				INFOPLIST_KEY_CFBundleDisplayName = DaysTilDisneyWidget;
				INFOPLIST_KEY_NSHumanReadableCopyright = "";
				LD_RUNPATH_SEARCH_PATHS = (
					"$(inherited)",
					"@executable_path/Frameworks",
					"@executable_path/../../Frameworks",
				);
				MARKETING_VERSION = 1.0;
				PRODUCT_BUNDLE_IDENTIFIER = "com.thinkupllc.Days-Til-Disney.DaysTilDisneyWidget";
				PRODUCT_NAME = "$(TARGET_NAME)";
				SKIP_INSTALL = YES;
				STRING_CATALOG_GENERATE_SYMBOLS = YES;
				SWIFT_APPROACHABLE_CONCURRENCY = YES;
				SWIFT_EMIT_LOC_STRINGS = YES;
				SWIFT_UPCOMING_FEATURE_MEMBER_IMPORT_VISIBILITY = YES;
				SWIFT_VERSION = 5.0;
				TARGETED_DEVICE_FAMILY = "1,2";
			};
			name = Release;
		};
		CE9CEF502F5E085C0014B78F /* Debug */ = {
			isa = XCBuildConfiguration;
			buildSettings = {
				ALWAYS_SEARCH_USER_PATHS = NO;
				ASSETCATALOG_COMPILER_GENERATE_SWIFT_ASSET_SYMBOL_EXTENSIONS = YES;
				CLANG_ANALYZER_NONNULL = YES;
				CLANG_ANALYZER_NUMBER_OBJECT_CONVERSION = YES_AGGRESSIVE;
				CLANG_CXX_LANGUAGE_STANDARD = "gnu++20";
				CLANG_ENABLE_MODULES = YES;
				CLANG_ENABLE_OBJC_ARC = YES;
				CLANG_ENABLE_OBJC_WEAK = YES;
				CLANG_WARN_BLOCK_CAPTURE_AUTORELEASING = YES;
				CLANG_WARN_BOOL_CONVERSION = YES;
				CLANG_WARN_COMMA = YES;
				CLANG_WARN_CONSTANT_CONVERSION = YES;
				CLANG_WARN_DEPRECATED_OBJC_IMPLEMENTATIONS = YES;
				CLANG_WARN_DIRECT_OBJC_ISA_USAGE = YES_ERROR;
				CLANG_WARN_DOCUMENTATION_COMMENTS = YES;
				CLANG_WARN_EMPTY_BODY = YES;
				CLANG_WARN_ENUM_CONVERSION = YES;
				CLANG_WARN_INFINITE_RECURSION = YES;
				CLANG_WARN_INT_CONVERSION = YES;
				CLANG_WARN_NON_LITERAL_NULL_CONVERSION = YES;
				CLANG_WARN_OBJC_IMPLICIT_RETAIN_SELF = YES;
				CLANG_WARN_OBJC_LITERAL_CONVERSION = YES;
				CLANG_WARN_OBJC_ROOT_CLASS = YES_ERROR;
				CLANG_WARN_QUOTED_INCLUDE_IN_FRAMEWORK_HEADER = YES;
				CLANG_WARN_RANGE_LOOP_ANALYSIS = YES;
				CLANG_WARN_STRICT_PROTOTYPES = YES;
				CLANG_WARN_SUSPICIOUS_MOVE = YES;
				CLANG_WARN_UNGUARDED_AVAILABILITY = YES_AGGRESSIVE;
				CLANG_WARN_UNREACHABLE_CODE = YES;
				CLANG_WARN__DUPLICATE_METHOD_MATCH = YES;
				COPY_PHASE_STRIP = NO;
				DEBUG_INFORMATION_FORMAT = dwarf;
				DEVELOPMENT_TEAM = SBY86BCTZH;
				ENABLE_STRICT_OBJC_MSGSEND = YES;
				ENABLE_TESTABILITY = YES;
				ENABLE_USER_SCRIPT_SANDBOXING = YES;
				GCC_C_LANGUAGE_STANDARD = gnu17;
				GCC_DYNAMIC_NO_PIC = NO;
				GCC_NO_COMMON_BLOCKS = YES;
				GCC_OPTIMIZATION_LEVEL = 0;
				GCC_PREPROCESSOR_DEFINITIONS = (
					"DEBUG=1",
					"$(inherited)",
				);
				GCC_WARN_64_TO_32_BIT_CONVERSION = YES;
				GCC_WARN_ABOUT_RETURN_TYPE = YES_ERROR;
				GCC_WARN_UNDECLARED_SELECTOR = YES;
				GCC_WARN_UNINITIALIZED_AUTOS = YES_AGGRESSIVE;
				GCC_WARN_UNUSED_FUNCTION = YES;
				GCC_WARN_UNUSED_VARIABLE = YES;
				IPHONEOS_DEPLOYMENT_TARGET = 26.2;
				LOCALIZATION_PREFERS_STRING_CATALOGS = YES;
				MTL_ENABLE_DEBUG_INFO = INCLUDE_SOURCE;
				MTL_FAST_MATH = YES;
				ONLY_ACTIVE_ARCH = YES;
				SDKROOT = iphoneos;
				SWIFT_ACTIVE_COMPILATION_CONDITIONS = "DEBUG $(inherited)";
				SWIFT_OPTIMIZATION_LEVEL = "-Onone";
			};
			name = Debug;
		};
		CE9CEF512F5E085C0014B78F /* Release */ = {
			isa = XCBuildConfiguration;
			buildSettings = {
				ALWAYS_SEARCH_USER_PATHS = NO;
				ASSETCATALOG_COMPILER_GENERATE_SWIFT_ASSET_SYMBOL_EXTENSIONS = YES;
				CLANG_ANALYZER_NONNULL = YES;
				CLANG_ANALYZER_NUMBER_OBJECT_CONVERSION = YES_AGGRESSIVE;
				CLANG_CXX_LANGUAGE_STANDARD = "gnu++20";
				CLANG_ENABLE_MODULES = YES;
				CLANG_ENABLE_OBJC_ARC = YES;
				CLANG_ENABLE_OBJC_WEAK = YES;
				CLANG_WARN_BLOCK_CAPTURE_AUTORELEASING = YES;
				CLANG_WARN_BOOL_CONVERSION = YES;
				CLANG_WARN_COMMA = YES;
				CLANG_WARN_CONSTANT_CONVERSION = YES;
				CLANG_WARN_DEPRECATED_OBJC_IMPLEMENTATIONS = YES;
				CLANG_WARN_DIRECT_OBJC_ISA_USAGE = YES_ERROR;
				CLANG_WARN_DOCUMENTATION_COMMENTS = YES;
				CLANG_WARN_EMPTY_BODY = YES;
				CLANG_WARN_ENUM_CONVERSION = YES;
				CLANG_WARN_INFINITE_RECURSION = YES;
				CLANG_WARN_INT_CONVERSION = YES;
				CLANG_WARN_NON_LITERAL_NULL_CONVERSION = YES;
				CLANG_WARN_OBJC_IMPLICIT_RETAIN_SELF = YES;
				CLANG_WARN_OBJC_LITERAL_CONVERSION = YES;
				CLANG_WARN_OBJC_ROOT_CLASS = YES_ERROR;
				CLANG_WARN_QUOTED_INCLUDE_IN_FRAMEWORK_HEADER = YES;
				CLANG_WARN_RANGE_LOOP_ANALYSIS = YES;
				CLANG_WARN_STRICT_PROTOTYPES = YES;
				CLANG_WARN_SUSPICIOUS_MOVE = YES;
				CLANG_WARN_UNGUARDED_AVAILABILITY = YES_AGGRESSIVE;
				CLANG_WARN_UNREACHABLE_CODE = YES;
				CLANG_WARN__DUPLICATE_METHOD_MATCH = YES;
				COPY_PHASE_STRIP = NO;
				DEBUG_INFORMATION_FORMAT = "dwarf-with-dsym";
				DEVELOPMENT_TEAM = SBY86BCTZH;
				ENABLE_NS_ASSERTIONS = NO;
				ENABLE_STRICT_OBJC_MSGSEND = YES;
				ENABLE_USER_SCRIPT_SANDBOXING = YES;
				GCC_C_LANGUAGE_STANDARD = gnu17;
				GCC_NO_COMMON_BLOCKS = YES;
				GCC_WARN_64_TO_32_BIT_CONVERSION = YES;
				GCC_WARN_ABOUT_RETURN_TYPE = YES_ERROR;
				GCC_WARN_UNDECLARED_SELECTOR = YES;
				GCC_WARN_UNINITIALIZED_AUTOS = YES_AGGRESSIVE;
				GCC_WARN_UNUSED_FUNCTION = YES;
				GCC_WARN_UNUSED_VARIABLE = YES;
				IPHONEOS_DEPLOYMENT_TARGET = 26.2;
				LOCALIZATION_PREFERS_STRING_CATALOGS = YES;
				MTL_ENABLE_DEBUG_INFO = NO;
				MTL_FAST_MATH = YES;
				SDKROOT = iphoneos;
				SWIFT_COMPILATION_MODE = wholemodule;
				VALIDATE_PRODUCT = YES;
			};
			name = Release;
		};
		CE9CEF532F5E085C0014B78F /* Debug */ = {
			isa = XCBuildConfiguration;
			buildSettings = {
				ASSETCATALOG_COMPILER_APPICON_NAME = AppIcon;
				ASSETCATALOG_COMPILER_GLOBAL_ACCENT_COLOR_NAME = AccentColor;
				CODE_SIGN_ENTITLEMENTS = "Days-Til-Disney/Days-Til-Disney.entitlements";
				CODE_SIGN_STYLE = Automatic;
				CURRENT_PROJECT_VERSION = 1;
				DEVELOPMENT_TEAM = HJWMFM488E;
				ENABLE_PREVIEWS = YES;
				GENERATE_INFOPLIST_FILE = YES;
				INFOPLIST_KEY_ITSAppUsesNonExemptEncryption = NO;
				INFOPLIST_KEY_UIApplicationSceneManifest_Generation = YES;
				INFOPLIST_KEY_UIApplicationSupportsIndirectInputEvents = YES;
				INFOPLIST_KEY_UILaunchScreen_BackgroundColor = LaunchBackground;
				INFOPLIST_KEY_UILaunchScreen_Generation = YES;
				INFOPLIST_KEY_UISupportedInterfaceOrientations_iPad = "UIInterfaceOrientationPortrait UIInterfaceOrientationPortraitUpsideDown UIInterfaceOrientationLandscapeLeft UIInterfaceOrientationLandscapeRight";
				INFOPLIST_KEY_UISupportedInterfaceOrientations_iPhone = "UIInterfaceOrientationPortrait UIInterfaceOrientationLandscapeLeft UIInterfaceOrientationLandscapeRight";
				LD_RUNPATH_SEARCH_PATHS = (
					"$(inherited)",
					"@executable_path/Frameworks",
				);
				MARKETING_VERSION = 1.0;
				PRODUCT_BUNDLE_IDENTIFIER = "com.thinkupllc.Days-Til-Disney";
				PRODUCT_NAME = "$(TARGET_NAME)";
				STRING_CATALOG_GENERATE_SYMBOLS = YES;
				SWIFT_APPROACHABLE_CONCURRENCY = YES;
				SWIFT_DEFAULT_ACTOR_ISOLATION = MainActor;
				SWIFT_EMIT_LOC_STRINGS = YES;
				SWIFT_UPCOMING_FEATURE_MEMBER_IMPORT_VISIBILITY = YES;
				SWIFT_VERSION = 5.0;
				TARGETED_DEVICE_FAMILY = "1,2";
			};
			name = Debug;
		};
		CE9CEF542F5E085C0014B78F /* Release */ = {
			isa = XCBuildConfiguration;
			buildSettings = {
				ASSETCATALOG_COMPILER_APPICON_NAME = AppIcon;
				ASSETCATALOG_COMPILER_GLOBAL_ACCENT_COLOR_NAME = AccentColor;
				CODE_SIGN_ENTITLEMENTS = "Days-Til-Disney/Days-Til-Disney.entitlements";
				CODE_SIGN_STYLE = Automatic;
				CURRENT_PROJECT_VERSION = 1;
				DEVELOPMENT_TEAM = HJWMFM488E;
				ENABLE_PREVIEWS = YES;
				GENERATE_INFOPLIST_FILE = YES;
				INFOPLIST_KEY_ITSAppUsesNonExemptEncryption = NO;
				INFOPLIST_KEY_UIApplicationSceneManifest_Generation = YES;
				INFOPLIST_KEY_UIApplicationSupportsIndirectInputEvents = YES;
				INFOPLIST_KEY_UILaunchScreen_BackgroundColor = LaunchBackground;
				INFOPLIST_KEY_UILaunchScreen_Generation = YES;
				INFOPLIST_KEY_UISupportedInterfaceOrientations_iPad = "UIInterfaceOrientationPortrait UIInterfaceOrientationPortraitUpsideDown UIInterfaceOrientationLandscapeLeft UIInterfaceOrientationLandscapeRight";
				INFOPLIST_KEY_UISupportedInterfaceOrientations_iPhone = "UIInterfaceOrientationPortrait UIInterfaceOrientationLandscapeLeft UIInterfaceOrientationLandscapeRight";
				LD_RUNPATH_SEARCH_PATHS = (
					"$(inherited)",
					"@executable_path/Frameworks",
				);
				MARKETING_VERSION = 1.0;
				PRODUCT_BUNDLE_IDENTIFIER = "com.thinkupllc.Days-Til-Disney";
				PRODUCT_NAME = "$(TARGET_NAME)";
				STRING_CATALOG_GENERATE_SYMBOLS = YES;
				SWIFT_APPROACHABLE_CONCURRENCY = YES;
				SWIFT_DEFAULT_ACTOR_ISOLATION = MainActor;
				SWIFT_EMIT_LOC_STRINGS = YES;
				SWIFT_UPCOMING_FEATURE_MEMBER_IMPORT_VISIBILITY = YES;
				SWIFT_VERSION = 5.0;
				TARGETED_DEVICE_FAMILY = "1,2";
			};
			name = Release;
		};
		CE9CEF562F5E085C0014B78F /* Debug */ = {
			isa = XCBuildConfiguration;
			buildSettings = {
				BUNDLE_LOADER = "$(TEST_HOST)";
				CODE_SIGN_STYLE = Automatic;
				CURRENT_PROJECT_VERSION = 1;
				DEVELOPMENT_TEAM = SBY86BCTZH;
				GENERATE_INFOPLIST_FILE = YES;
				IPHONEOS_DEPLOYMENT_TARGET = 26.2;
				MARKETING_VERSION = 1.0;
				PRODUCT_BUNDLE_IDENTIFIER = "com.thinkupllc.Days-Til-DisneyTests";
				PRODUCT_NAME = "$(TARGET_NAME)";
				STRING_CATALOG_GENERATE_SYMBOLS = NO;
				SWIFT_APPROACHABLE_CONCURRENCY = YES;
				SWIFT_EMIT_LOC_STRINGS = NO;
				SWIFT_UPCOMING_FEATURE_MEMBER_IMPORT_VISIBILITY = YES;
				SWIFT_VERSION = 5.0;
				TARGETED_DEVICE_FAMILY = "1,2";
				TEST_HOST = "$(BUILT_PRODUCTS_DIR)/Days-Til-Disney.app/$(BUNDLE_EXECUTABLE_FOLDER_PATH)/Days-Til-Disney";
			};
			name = Debug;
		};
		CE9CEF572F5E085C0014B78F /* Release */ = {
			isa = XCBuildConfiguration;
			buildSettings = {
				BUNDLE_LOADER = "$(TEST_HOST)";
				CODE_SIGN_STYLE = Automatic;
				CURRENT_PROJECT_VERSION = 1;
				DEVELOPMENT_TEAM = SBY86BCTZH;
				GENERATE_INFOPLIST_FILE = YES;
				IPHONEOS_DEPLOYMENT_TARGET = 26.2;
				MARKETING_VERSION = 1.0;
				PRODUCT_BUNDLE_IDENTIFIER = "com.thinkupllc.Days-Til-DisneyTests";
				PRODUCT_NAME = "$(TARGET_NAME)";
				STRING_CATALOG_GENERATE_SYMBOLS = NO;
				SWIFT_APPROACHABLE_CONCURRENCY = YES;
				SWIFT_EMIT_LOC_STRINGS = NO;
				SWIFT_UPCOMING_FEATURE_MEMBER_IMPORT_VISIBILITY = YES;
				SWIFT_VERSION = 5.0;
				TARGETED_DEVICE_FAMILY = "1,2";
				TEST_HOST = "$(BUILT_PRODUCTS_DIR)/Days-Til-Disney.app/$(BUNDLE_EXECUTABLE_FOLDER_PATH)/Days-Til-Disney";
			};
			name = Release;
		};
		CE9CEF592F5E085C0014B78F /* Debug */ = {
			isa = XCBuildConfiguration;
			buildSettings = {
				CODE_SIGN_STYLE = Automatic;
				CURRENT_PROJECT_VERSION = 1;
				DEVELOPMENT_TEAM = SBY86BCTZH;
				GENERATE_INFOPLIST_FILE = YES;
				MARKETING_VERSION = 1.0;
				PRODUCT_BUNDLE_IDENTIFIER = "com.thinkupllc.Days-Til-DisneyUITests";
				PRODUCT_NAME = "$(TARGET_NAME)";
				STRING_CATALOG_GENERATE_SYMBOLS = NO;
				SWIFT_APPROACHABLE_CONCURRENCY = YES;
				SWIFT_EMIT_LOC_STRINGS = NO;
				SWIFT_UPCOMING_FEATURE_MEMBER_IMPORT_VISIBILITY = YES;
				SWIFT_VERSION = 5.0;
				TARGETED_DEVICE_FAMILY = "1,2";
				TEST_TARGET_NAME = "Days-Til-Disney";
			};
			name = Debug;
		};
		CE9CEF5A2F5E085C0014B78F /* Release */ = {
			isa = XCBuildConfiguration;
			buildSettings = {
				CODE_SIGN_STYLE = Automatic;
				CURRENT_PROJECT_VERSION = 1;
				DEVELOPMENT_TEAM = SBY86BCTZH;
				GENERATE_INFOPLIST_FILE = YES;
				MARKETING_VERSION = 1.0;
				PRODUCT_BUNDLE_IDENTIFIER = "com.thinkupllc.Days-Til-DisneyUITests";
				PRODUCT_NAME = "$(TARGET_NAME)";
				STRING_CATALOG_GENERATE_SYMBOLS = NO;
				SWIFT_APPROACHABLE_CONCURRENCY = YES;
				SWIFT_EMIT_LOC_STRINGS = NO;
				SWIFT_UPCOMING_FEATURE_MEMBER_IMPORT_VISIBILITY = YES;
				SWIFT_VERSION = 5.0;
				TARGETED_DEVICE_FAMILY = "1,2";
				TEST_TARGET_NAME = "Days-Til-Disney";
			};
			name = Release;
		};
/* End XCBuildConfiguration section */

/* Begin XCConfigurationList section */
		CE8B52072F5F111400288023 /* Build configuration list for PBXNativeTarget "DaysTilDisneyWidgetExtension" */ = {
			isa = XCConfigurationList;
			buildConfigurations = (
				CE8B52042F5F111400288023 /* Debug */,
				CE8B52052F5F111400288023 /* Release */,
			);
			defaultConfigurationIsVisible = 0;
			defaultConfigurationName = Release;
		};
		CE9CEF2C2F5E08590014B78F /* Build configuration list for PBXProject "Days-Til-Disney" */ = {
			isa = XCConfigurationList;
			buildConfigurations = (
				CE9CEF502F5E085C0014B78F /* Debug */,
				CE9CEF512F5E085C0014B78F /* Release */,
			);
			defaultConfigurationIsVisible = 0;
			defaultConfigurationName = Release;
		};
		CE9CEF522F5E085C0014B78F /* Build configuration list for PBXNativeTarget "Days-Til-Disney" */ = {
			isa = XCConfigurationList;
			buildConfigurations = (
				CE9CEF532F5E085C0014B78F /* Debug */,
				CE9CEF542F5E085C0014B78F /* Release */,
			);
			defaultConfigurationIsVisible = 0;
			defaultConfigurationName = Release;
		};
		CE9CEF552F5E085C0014B78F /* Build configuration list for PBXNativeTarget "Days-Til-DisneyTests" */ = {
			isa = XCConfigurationList;
			buildConfigurations = (
				CE9CEF562F5E085C0014B78F /* Debug */,
				CE9CEF572F5E085C0014B78F /* Release */,
			);
			defaultConfigurationIsVisible = 0;
			defaultConfigurationName = Release;
		};
		CE9CEF582F5E085C0014B78F /* Build configuration list for PBXNativeTarget "Days-Til-DisneyUITests" */ = {
			isa = XCConfigurationList;
			buildConfigurations = (
				CE9CEF592F5E085C0014B78F /* Debug */,
				CE9CEF5A2F5E085C0014B78F /* Release */,
			);
			defaultConfigurationIsVisible = 0;
			defaultConfigurationName = Release;
		};
/* End XCConfigurationList section */
	};
	rootObject = CE9CEF292F5E08590014B78F /* Project object */;
}
